
Microsoft Visual Studio Solution File, Format Version 12.00
# Visual Studio Version 17
VisualStudioVersion = 17.13.35828.75
MinimumVisualStudioVersion = 10.0.40219.1
Project("{FAE04EC0-301F-11D3-BF4B-00C04F79EFBC}") = "ADF.API", "ADF.API\ADF.API.csproj", "{98EBADE2-82C9-9B65-F3BA-805427F75481}"
EndProject
Project("{FAE04EC0-301F-11D3-BF4B-00C04F79EFBC}") = "ADF.DataAccess", "ADF.DataAccess\ADF.DataAccess.csproj", "{01069D94-DA9B-4BF4-8472-F7EB28160A7C}"
EndProject
Global
	GlobalSection(SolutionConfigurationPlatforms) = preSolution
		Debug|Any CPU = Debug|Any CPU
		Release|Any CPU = Release|Any CPU
	EndGlobalSection
	GlobalSection(ProjectConfigurationPlatforms) = postSolution
		{98EBADE2-82C9-9B65-F3BA-805427F75481}.Debug|Any CPU.ActiveCfg = Debug|Any CPU
		{98EBADE2-82C9-9B65-F3BA-805427F75481}.Debug|Any CPU.Build.0 = Debug|Any CPU
		{98EBADE2-82C9-9B65-F3BA-805427F75481}.Release|Any CPU.ActiveCfg = Release|Any CPU
		{98EBADE2-82C9-9B65-F3BA-805427F75481}.Release|Any CPU.Build.0 = Release|Any CPU
		{01069D94-DA9B-4BF4-8472-F7EB28160A7C}.Debug|Any CPU.ActiveCfg = Debug|Any CPU
		{01069D94-DA9B-4BF4-8472-F7EB28160A7C}.Debug|Any CPU.Build.0 = Debug|Any CPU
		{01069D94-DA9B-4BF4-8472-F7EB28160A7C}.Release|Any CPU.ActiveCfg = Release|Any CPU
		{01069D94-DA9B-4BF4-8472-F7EB28160A7C}.Release|Any CPU.Build.0 = Release|Any CPU
	EndGlobalSection
	GlobalSection(SolutionProperties) = preSolution
		HideSolutionNode = FALSE
	EndGlobalSection
	GlobalSection(ExtensibilityGlobals) = postSolution
		SolutionGuid = {9244789B-63BB-41BC-A4FB-05B5EC40B0F6}
	EndGlobalSection
EndGlobal
